<?xml version="1.0" encoding="UTF-8"?>
<!DOCTYPE plist PUBLIC "-//Apple//DTD PLIST 1.0//EN" "http://www.apple.com/DTDs/PropertyList-1.0.dtd">
<plist version="1.0">
<dict>
	<key>archiveVersion</key>
	<string>1</string>
	<key>classes</key>
	<dict/>
	<key>objectVersion</key>
	<string>46</string>
	<key>objects</key>
	<dict>
		<key>39A747297F6749F7B1FC3D33</key>
		<dict>
			<key>explicitFileType</key>
			<string>archive.ar</string>
			<key>includeInIndex</key>
			<string>0</string>
			<key>isa</key>
			<string>PBXFileReference</string>
			<key>path</key>
			<string>libPods.a</string>
			<key>sourceTree</key>
			<string>BUILT_PRODUCTS_DIR</string>
		</dict>
		<key>746ECAD56D1249AF9975325A</key>
		<dict>
			<key>buildActionMask</key>
			<string>2147483647</string>
			<key>files</key>
			<array/>
			<key>inputPaths</key>
			<array/>
			<key>isa</key>
			<string>PBXShellScriptBuildPhase</string>
			<key>name</key>
			<string>Copy Pods Resources</string>
			<key>outputPaths</key>
			<array/>
			<key>runOnlyForDeploymentPostprocessing</key>
			<string>0</string>
			<key>shellPath</key>
			<string>/bin/sh</string>
			<key>shellScript</key>
			<string>"${SRCROOT}/Pods/Pods-resources.sh"
</string>
			<key>showEnvVarsInLog</key>
			<string>0</string>
		</dict>
		<key>7E960760179583E7004A35F9</key>
		<dict>
			<key>children</key>
			<array>
				<string>7E960772179583E8004A35F9</string>
				<string>7E960796179583E8004A35F9</string>
				<string>7E96076B179583E7004A35F9</string>
				<string>7E96076A179583E7004A35F9</string>
				<string>8E61AA07F9D54B33A7E8058D</string>
			</array>
			<key>isa</key>
			<string>PBXGroup</string>
			<key>sourceTree</key>
			<string>&lt;group&gt;</string>
		</dict>
		<key>7E960761179583E7004A35F9</key>
		<dict>
			<key>attributes</key>
			<dict>
				<key>CLASSPREFIX</key>
				<string>CB</string>
				<key>LastUpgradeCheck</key>
				<string>0460</string>
				<key>ORGANIZATIONNAME</key>
				<string>&#36213; &#20339;</string>
			</dict>
			<key>buildConfigurationList</key>
			<string>7E960764179583E7004A35F9</string>
			<key>compatibilityVersion</key>
			<string>Xcode 3.2</string>
			<key>developmentRegion</key>
			<string>English</string>
			<key>hasScannedForEncodings</key>
			<string>0</string>
			<key>isa</key>
			<string>PBXProject</string>
			<key>knownRegions</key>
			<array>
				<string>en</string>
			</array>
			<key>mainGroup</key>
			<string>7E960760179583E7004A35F9</string>
			<key>productRefGroup</key>
			<string>7E96076A179583E7004A35F9</string>
			<key>projectDirPath</key>
			<string></string>
			<key>projectReferences</key>
			<array/>
			<key>projectRoot</key>
			<string></string>
			<key>targets</key>
			<array>
				<string>7E960768179583E7004A35F9</string>
				<string>7E96078E179583E8004A35F9</string>
			</array>
		</dict>
		<key>7E960764179583E7004A35F9</key>
		<dict>
			<key>buildConfigurations</key>
			<array>
				<string>7E96079F179583E8004A35F9</string>
				<string>7E9607A0179583E8004A35F9</string>
			</array>
			<key>defaultConfigurationIsVisible</key>
			<string>0</string>
			<key>defaultConfigurationName</key>
			<string>Release</string>
			<key>isa</key>
			<string>XCConfigurationList</string>
		</dict>
		<key>7E960765179583E7004A35F9</key>
		<dict>
			<key>buildActionMask</key>
			<string>2147483647</string>
			<key>files</key>
			<array>
				<string>7E960779179583E8004A35F9</string>
				<string>7E96077D179583E8004A35F9</string>
				<string>7E960786179583E8004A35F9</string>
			</array>
			<key>isa</key>
			<string>PBXSourcesBuildPhase</string>
			<key>runOnlyForDeploymentPostprocessing</key>
			<string>0</string>
		</dict>
		<key>7E960766179583E7004A35F9</key>
		<dict>
			<key>buildActionMask</key>
			<string>2147483647</string>
			<key>files</key>
			<array>
				<string>7E96076D179583E7004A35F9</string>
				<string>7E96076F179583E7004A35F9</string>
				<string>7E960771179583E7004A35F9</string>
				<string>F926918DF45448DBAF4BE258</string>
			</array>
			<key>isa</key>
			<string>PBXFrameworksBuildPhase</string>
			<key>runOnlyForDeploymentPostprocessing</key>
			<string>0</string>
		</dict>
		<key>7E960767179583E7004A35F9</key>
		<dict>
			<key>buildActionMask</key>
			<string>2147483647</string>
			<key>files</key>
			<array>
				<string>7E960777179583E8004A35F9</string>
				<string>7E96077F179583E8004A35F9</string>
				<string>7E960781179583E8004A35F9</string>
				<string>7E960783179583E8004A35F9</string>
				<string>7E960789179583E8004A35F9</string>
			</array>
			<key>isa</key>
			<string>PBXResourcesBuildPhase</string>
			<key>runOnlyForDeploymentPostprocessing</key>
			<string>0</string>
		</dict>
		<key>7E960768179583E7004A35F9</key>
		<dict>
			<key>buildConfigurationList</key>
			<string>7E9607A1179583E8004A35F9</string>
			<key>buildPhases</key>
			<array>
				<string>A8BA59E1502245B1BE49E4ED</string>
				<string>7E960765179583E7004A35F9</string>
				<string>7E960766179583E7004A35F9</string>
				<string>7E960767179583E7004A35F9</string>
				<string>746ECAD56D1249AF9975325A</string>
			</array>
			<key>buildRules</key>
			<array/>
			<key>dependencies</key>
			<array/>
			<key>isa</key>
			<string>PBXNativeTarget</string>
			<key>name</key>
			<string>Neuron</string>
			<key>productName</key>
			<string>Neuron</string>
			<key>productReference</key>
			<string>7E960769179583E7004A35F9</string>
			<key>productType</key>
			<string>com.apple.product-type.application</string>
		</dict>
		<key>7E960769179583E7004A35F9</key>
		<dict>
			<key>explicitFileType</key>
			<string>wrapper.application</string>
			<key>includeInIndex</key>
			<string>0</string>
			<key>isa</key>
			<string>PBXFileReference</string>
			<key>path</key>
			<string>Neuron.app</string>
			<key>sourceTree</key>
			<string>BUILT_PRODUCTS_DIR</string>
		</dict>
		<key>7E96076A179583E7004A35F9</key>
		<dict>
			<key>children</key>
			<array>
				<string>7E960769179583E7004A35F9</string>
				<string>7E96078F179583E8004A35F9</string>
			</array>
			<key>isa</key>
			<string>PBXGroup</string>
			<key>name</key>
			<string>Products</string>
			<key>sourceTree</key>
			<string>&lt;group&gt;</string>
		</dict>
		<key>7E96076B179583E7004A35F9</key>
		<dict>
			<key>children</key>
			<array>
				<string>7E96076C179583E7004A35F9</string>
				<string>7E96076E179583E7004A35F9</string>
				<string>7E960770179583E7004A35F9</string>
				<string>7E960790179583E8004A35F9</string>
				<string>39A747297F6749F7B1FC3D33</string>
			</array>
			<key>isa</key>
			<string>PBXGroup</string>
			<key>name</key>
			<string>Frameworks</string>
			<key>sourceTree</key>
			<string>&lt;group&gt;</string>
		</dict>
		<key>7E96076C179583E7004A35F9</key>
		<dict>
			<key>isa</key>
			<string>PBXFileReference</string>
			<key>lastKnownFileType</key>
			<string>wrapper.framework</string>
			<key>name</key>
			<string>UIKit.framework</string>
			<key>path</key>
			<string>System/Library/Frameworks/UIKit.framework</string>
			<key>sourceTree</key>
			<string>SDKROOT</string>
		</dict>
		<key>7E96076D179583E7004A35F9</key>
		<dict>
			<key>fileRef</key>
			<string>7E96076C179583E7004A35F9</string>
			<key>isa</key>
			<string>PBXBuildFile</string>
		</dict>
		<key>7E96076E179583E7004A35F9</key>
		<dict>
			<key>isa</key>
			<string>PBXFileReference</string>
			<key>lastKnownFileType</key>
			<string>wrapper.framework</string>
			<key>name</key>
			<string>Foundation.framework</string>
			<key>path</key>
			<string>System/Library/Frameworks/Foundation.framework</string>
			<key>sourceTree</key>
			<string>SDKROOT</string>
		</dict>
		<key>7E96076F179583E7004A35F9</key>
		<dict>
			<key>fileRef</key>
			<string>7E96076E179583E7004A35F9</string>
			<key>isa</key>
			<string>PBXBuildFile</string>
		</dict>
		<key>7E960770179583E7004A35F9</key>
		<dict>
			<key>isa</key>
			<string>PBXFileReference</string>
			<key>lastKnownFileType</key>
			<string>wrapper.framework</string>
			<key>name</key>
			<string>CoreGraphics.framework</string>
			<key>path</key>
			<string>System/Library/Frameworks/CoreGraphics.framework</string>
			<key>sourceTree</key>
			<string>SDKROOT</string>
		</dict>
		<key>7E960771179583E7004A35F9</key>
		<dict>
			<key>fileRef</key>
			<string>7E960770179583E7004A35F9</string>
			<key>isa</key>
			<string>PBXBuildFile</string>
		</dict>
		<key>7E960772179583E8004A35F9</key>
		<dict>
			<key>children</key>
			<array>
				<string>7E96077B179583E8004A35F9</string>
				<string>7E96077C179583E8004A35F9</string>
				<string>7E960784179583E8004A35F9</string>
				<string>7E960785179583E8004A35F9</string>
				<string>7E960787179583E8004A35F9</string>
				<string>7E960773179583E8004A35F9</string>
			</array>
			<key>isa</key>
			<string>PBXGroup</string>
			<key>path</key>
			<string>Neuron</string>
			<key>sourceTree</key>
			<string>&lt;group&gt;</string>
		</dict>
		<key>7E960773179583E8004A35F9</key>
		<dict>
			<key>children</key>
			<array>
				<string>7E960774179583E8004A35F9</string>
				<string>7E960775179583E8004A35F9</string>
				<string>7E960778179583E8004A35F9</string>
				<string>7E96077A179583E8004A35F9</string>
				<string>7E96077E179583E8004A35F9</string>
				<string>7E960780179583E8004A35F9</string>
				<string>7E960782179583E8004A35F9</string>
			</array>
			<key>isa</key>
			<string>PBXGroup</string>
			<key>name</key>
			<string>Supporting Files</string>
			<key>sourceTree</key>
			<string>&lt;group&gt;</string>
		</dict>
		<key>7E960774179583E8004A35F9</key>
		<dict>
			<key>isa</key>
			<string>PBXFileReference</string>
			<key>lastKnownFileType</key>
			<string>text.plist.xml</string>
			<key>path</key>
			<string>Neuron-Info.plist</string>
			<key>sourceTree</key>
			<string>&lt;group&gt;</string>
		</dict>
		<key>7E960775179583E8004A35F9</key>
		<dict>
			<key>children</key>
			<array>
				<string>7E960776179583E8004A35F9</string>
			</array>
			<key>isa</key>
			<string>PBXVariantGroup</string>
			<key>name</key>
			<string>InfoPlist.strings</string>
			<key>sourceTree</key>
			<string>&lt;group&gt;</string>
		</dict>
		<key>7E960776179583E8004A35F9</key>
		<dict>
			<key>isa</key>
			<string>PBXFileReference</string>
			<key>lastKnownFileType</key>
			<string>text.plist.strings</string>
			<key>name</key>
			<string>en</string>
			<key>path</key>
			<string>en.lproj/InfoPlist.strings</string>
			<key>sourceTree</key>
			<string>&lt;group&gt;</string>
		</dict>
		<key>7E960777179583E8004A35F9</key>
		<dict>
			<key>fileRef</key>
			<string>7E960775179583E8004A35F9</string>
			<key>isa</key>
			<string>PBXBuildFile</string>
		</dict>
		<key>7E960778179583E8004A35F9</key>
		<dict>
			<key>isa</key>
			<string>PBXFileReference</string>
			<key>lastKnownFileType</key>
			<string>sourcecode.c.objc</string>
			<key>path</key>
			<string>main.m</string>
			<key>sourceTree</key>
			<string>&lt;group&gt;</string>
		</dict>
		<key>7E960779179583E8004A35F9</key>
		<dict>
			<key>fileRef</key>
			<string>7E960778179583E8004A35F9</string>
			<key>isa</key>
			<string>PBXBuildFile</string>
		</dict>
		<key>7E96077A179583E8004A35F9</key>
		<dict>
			<key>isa</key>
			<string>PBXFileReference</string>
			<key>lastKnownFileType</key>
			<string>sourcecode.c.h</string>
			<key>path</key>
			<string>Neuron-Prefix.pch</string>
			<key>sourceTree</key>
			<string>&lt;group&gt;</string>
		</dict>
		<key>7E96077B179583E8004A35F9</key>
		<dict>
			<key>isa</key>
			<string>PBXFileReference</string>
			<key>lastKnownFileType</key>
			<string>sourcecode.c.h</string>
			<key>path</key>
			<string>CBAppDelegate.h</string>
			<key>sourceTree</key>
			<string>&lt;group&gt;</string>
		</dict>
		<key>7E96077C179583E8004A35F9</key>
		<dict>
			<key>isa</key>
			<string>PBXFileReference</string>
			<key>lastKnownFileType</key>
			<string>sourcecode.c.objc</string>
			<key>path</key>
			<string>CBAppDelegate.m</string>
			<key>sourceTree</key>
			<string>&lt;group&gt;</string>
		</dict>
		<key>7E96077D179583E8004A35F9</key>
		<dict>
			<key>fileRef</key>
			<string>7E96077C179583E8004A35F9</string>
			<key>isa</key>
			<string>PBXBuildFile</string>
		</dict>
		<key>7E96077E179583E8004A35F9</key>
		<dict>
			<key>isa</key>
			<string>PBXFileReference</string>
			<key>lastKnownFileType</key>
			<string>image.png</string>
			<key>path</key>
			<string>Default.png</string>
			<key>sourceTree</key>
			<string>&lt;group&gt;</string>
		</dict>
		<key>7E96077F179583E8004A35F9</key>
		<dict>
			<key>fileRef</key>
			<string>7E96077E179583E8004A35F9</string>
			<key>isa</key>
			<string>PBXBuildFile</string>
		</dict>
		<key>7E960780179583E8004A35F9</key>
		<dict>
			<key>isa</key>
			<string>PBXFileReference</string>
			<key>lastKnownFileType</key>
			<string>image.png</string>
			<key>path</key>
			<string>Default@2x.png</string>
			<key>sourceTree</key>
			<string>&lt;group&gt;</string>
		</dict>
		<key>7E960781179583E8004A35F9</key>
		<dict>
			<key>fileRef</key>
			<string>7E960780179583E8004A35F9</string>
			<key>isa</key>
			<string>PBXBuildFile</string>
		</dict>
		<key>7E960782179583E8004A35F9</key>
		<dict>
			<key>isa</key>
			<string>PBXFileReference</string>
			<key>lastKnownFileType</key>
			<string>image.png</string>
			<key>path</key>
			<string>Default-568h@2x.png</string>
			<key>sourceTree</key>
			<string>&lt;group&gt;</string>
		</dict>
		<key>7E960783179583E8004A35F9</key>
		<dict>
			<key>fileRef</key>
			<string>7E960782179583E8004A35F9</string>
			<key>isa</key>
			<string>PBXBuildFile</string>
		</dict>
		<key>7E960784179583E8004A35F9</key>
		<dict>
			<key>isa</key>
			<string>PBXFileReference</string>
			<key>lastKnownFileType</key>
			<string>sourcecode.c.h</string>
			<key>path</key>
			<string>CBViewController.h</string>
			<key>sourceTree</key>
			<string>&lt;group&gt;</string>
		</dict>
		<key>7E960785179583E8004A35F9</key>
		<dict>
			<key>isa</key>
			<string>PBXFileReference</string>
			<key>lastKnownFileType</key>
			<string>sourcecode.c.objc</string>
			<key>path</key>
			<string>CBViewController.m</string>
			<key>sourceTree</key>
			<string>&lt;group&gt;</string>
		</dict>
		<key>7E960786179583E8004A35F9</key>
		<dict>
			<key>fileRef</key>
			<string>7E960785179583E8004A35F9</string>
			<key>isa</key>
			<string>PBXBuildFile</string>
		</dict>
		<key>7E960787179583E8004A35F9</key>
		<dict>
			<key>children</key>
			<array>
				<string>7E960788179583E8004A35F9</string>
			</array>
			<key>isa</key>
			<string>PBXVariantGroup</string>
			<key>name</key>
			<string>CBViewController.xib</string>
			<key>sourceTree</key>
			<string>&lt;group&gt;</string>
		</dict>
		<key>7E960788179583E8004A35F9</key>
		<dict>
			<key>isa</key>
			<string>PBXFileReference</string>
			<key>lastKnownFileType</key>
			<string>file.xib</string>
			<key>name</key>
			<string>en</string>
			<key>path</key>
			<string>en.lproj/CBViewController.xib</string>
			<key>sourceTree</key>
			<string>&lt;group&gt;</string>
		</dict>
		<key>7E960789179583E8004A35F9</key>
		<dict>
			<key>fileRef</key>
			<string>7E960787179583E8004A35F9</string>
			<key>isa</key>
			<string>PBXBuildFile</string>
		</dict>
		<key>7E96078A179583E8004A35F9</key>
		<dict>
			<key>buildActionMask</key>
			<string>2147483647</string>
			<key>files</key>
			<array>
				<string>7E96079E179583E8004A35F9</string>
			</array>
			<key>isa</key>
			<string>PBXSourcesBuildPhase</string>
			<key>runOnlyForDeploymentPostprocessing</key>
			<string>0</string>
		</dict>
		<key>7E96078B179583E8004A35F9</key>
		<dict>
			<key>buildActionMask</key>
			<string>2147483647</string>
			<key>files</key>
			<array>
				<string>7E960791179583E8004A35F9</string>
				<string>7E960792179583E8004A35F9</string>
				<string>7E960793179583E8004A35F9</string>
			</array>
			<key>isa</key>
			<string>PBXFrameworksBuildPhase</string>
			<key>runOnlyForDeploymentPostprocessing</key>
			<string>0</string>
		</dict>
		<key>7E96078C179583E8004A35F9</key>
		<dict>
			<key>buildActionMask</key>
			<string>2147483647</string>
			<key>files</key>
			<array>
				<string>7E96079B179583E8004A35F9</string>
			</array>
			<key>isa</key>
			<string>PBXResourcesBuildPhase</string>
			<key>runOnlyForDeploymentPostprocessing</key>
			<string>0</string>
		</dict>
		<key>7E96078D179583E8004A35F9</key>
		<dict>
			<key>buildActionMask</key>
			<string>2147483647</string>
			<key>files</key>
			<array/>
			<key>inputPaths</key>
			<array/>
			<key>isa</key>
			<string>PBXShellScriptBuildPhase</string>
			<key>outputPaths</key>
			<array/>
			<key>runOnlyForDeploymentPostprocessing</key>
			<string>0</string>
			<key>shellPath</key>
			<string>/bin/sh</string>
			<key>shellScript</key>
			<string># Run the unit tests in this test bundle.
"${SYSTEM_DEVELOPER_DIR}/Tools/RunUnitTests"
</string>
		</dict>
		<key>7E96078E179583E8004A35F9</key>
		<dict>
			<key>buildConfigurationList</key>
			<string>7E9607A4179583E8004A35F9</string>
			<key>buildPhases</key>
			<array>
				<string>7E96078A179583E8004A35F9</string>
				<string>7E96078B179583E8004A35F9</string>
				<string>7E96078C179583E8004A35F9</string>
				<string>7E96078D179583E8004A35F9</string>
			</array>
			<key>buildRules</key>
			<array/>
			<key>dependencies</key>
			<array>
				<string>7E960795179583E8004A35F9</string>
			</array>
			<key>isa</key>
			<string>PBXNativeTarget</string>
			<key>name</key>
			<string>NeuronTests</string>
			<key>productName</key>
			<string>NeuronTests</string>
			<key>productReference</key>
			<string>7E96078F179583E8004A35F9</string>
			<key>productType</key>
			<string>com.apple.product-type.bundle</string>
		</dict>
		<key>7E96078F179583E8004A35F9</key>
		<dict>
			<key>explicitFileType</key>
			<string>wrapper.cfbundle</string>
			<key>includeInIndex</key>
			<string>0</string>
			<key>isa</key>
			<string>PBXFileReference</string>
			<key>path</key>
			<string>NeuronTests.octest</string>
			<key>sourceTree</key>
			<string>BUILT_PRODUCTS_DIR</string>
		</dict>
		<key>7E960790179583E8004A35F9</key>
		<dict>
			<key>isa</key>
			<string>PBXFileReference</string>
			<key>lastKnownFileType</key>
			<string>wrapper.framework</string>
			<key>name</key>
			<string>SenTestingKit.framework</string>
			<key>path</key>
			<string>Library/Frameworks/SenTestingKit.framework</string>
			<key>sourceTree</key>
			<string>DEVELOPER_DIR</string>
		</dict>
		<key>7E960791179583E8004A35F9</key>
		<dict>
			<key>fileRef</key>
			<string>7E960790179583E8004A35F9</string>
			<key>isa</key>
			<string>PBXBuildFile</string>
		</dict>
		<key>7E960792179583E8004A35F9</key>
		<dict>
			<key>fileRef</key>
			<string>7E96076C179583E7004A35F9</string>
			<key>isa</key>
			<string>PBXBuildFile</string>
		</dict>
		<key>7E960793179583E8004A35F9</key>
		<dict>
			<key>fileRef</key>
			<string>7E96076E179583E7004A35F9</string>
			<key>isa</key>
			<string>PBXBuildFile</string>
		</dict>
		<key>7E960794179583E8004A35F9</key>
		<dict>
			<key>containerPortal</key>
			<string>7E960761179583E7004A35F9</string>
			<key>isa</key>
			<string>PBXContainerItemProxy</string>
			<key>proxyType</key>
			<string>1</string>
			<key>remoteGlobalIDString</key>
			<string>7E960768179583E7004A35F9</string>
			<key>remoteInfo</key>
			<string>Neuron</string>
		</dict>
		<key>7E960795179583E8004A35F9</key>
		<dict>
			<key>isa</key>
			<string>PBXTargetDependency</string>
			<key>target</key>
			<string>7E960768179583E7004A35F9</string>
			<key>targetProxy</key>
			<string>7E960794179583E8004A35F9</string>
		</dict>
		<key>7E960796179583E8004A35F9</key>
		<dict>
			<key>children</key>
			<array>
				<string>7E96079C179583E8004A35F9</string>
				<string>7E96079D179583E8004A35F9</string>
				<string>7E960797179583E8004A35F9</string>
			</array>
			<key>isa</key>
			<string>PBXGroup</string>
			<key>path</key>
			<string>NeuronTests</string>
			<key>sourceTree</key>
			<string>&lt;group&gt;</string>
		</dict>
		<key>7E960797179583E8004A35F9</key>
		<dict>
			<key>children</key>
			<array>
				<string>7E960798179583E8004A35F9</string>
				<string>7E960799179583E8004A35F9</string>
			</array>
			<key>isa</key>
			<string>PBXGroup</string>
			<key>name</key>
			<string>Supporting Files</string>
			<key>sourceTree</key>
			<string>&lt;group&gt;</string>
		</dict>
		<key>7E960798179583E8004A35F9</key>
		<dict>
			<key>isa</key>
			<string>PBXFileReference</string>
			<key>lastKnownFileType</key>
			<string>text.plist.xml</string>
			<key>path</key>
			<string>NeuronTests-Info.plist</string>
			<key>sourceTree</key>
			<string>&lt;group&gt;</string>
		</dict>
		<key>7E960799179583E8004A35F9</key>
		<dict>
			<key>children</key>
			<array>
				<string>7E96079A179583E8004A35F9</string>
			</array>
			<key>isa</key>
			<string>PBXVariantGroup</string>
			<key>name</key>
			<string>InfoPlist.strings</string>
			<key>sourceTree</key>
			<string>&lt;group&gt;</string>
		</dict>
		<key>7E96079A179583E8004A35F9</key>
		<dict>
			<key>isa</key>
			<string>PBXFileReference</string>
			<key>lastKnownFileType</key>
			<string>text.plist.strings</string>
			<key>name</key>
			<string>en</string>
			<key>path</key>
			<string>en.lproj/InfoPlist.strings</string>
			<key>sourceTree</key>
			<string>&lt;group&gt;</string>
		</dict>
		<key>7E96079B179583E8004A35F9</key>
		<dict>
			<key>fileRef</key>
			<string>7E960799179583E8004A35F9</string>
			<key>isa</key>
			<string>PBXBuildFile</string>
		</dict>
		<key>7E96079C179583E8004A35F9</key>
		<dict>
			<key>isa</key>
			<string>PBXFileReference</string>
			<key>lastKnownFileType</key>
			<string>sourcecode.c.h</string>
			<key>path</key>
			<string>NeuronTests.h</string>
			<key>sourceTree</key>
			<string>&lt;group&gt;</string>
		</dict>
		<key>7E96079D179583E8004A35F9</key>
		<dict>
			<key>isa</key>
			<string>PBXFileReference</string>
			<key>lastKnownFileType</key>
			<string>sourcecode.c.objc</string>
			<key>path</key>
			<string>NeuronTests.m</string>
			<key>sourceTree</key>
			<string>&lt;group&gt;</string>
		</dict>
		<key>7E96079E179583E8004A35F9</key>
		<dict>
			<key>fileRef</key>
			<string>7E96079D179583E8004A35F9</string>
			<key>isa</key>
			<string>PBXBuildFile</string>
		</dict>
		<key>7E96079F179583E8004A35F9</key>
		<dict>
			<key>buildSettings</key>
			<dict>
				<key>ALWAYS_SEARCH_USER_PATHS</key>
				<string>NO</string>
				<key>CLANG_CXX_LANGUAGE_STANDARD</key>
				<string>gnu++0x</string>
				<key>CLANG_CXX_LIBRARY</key>
				<string>libc++</string>
				<key>CLANG_ENABLE_OBJC_ARC</key>
				<string>YES</string>
				<key>CLANG_WARN_CONSTANT_CONVERSION</key>
				<string>YES</string>
				<key>CLANG_WARN_EMPTY_BODY</key>
				<string>YES</string>
				<key>CLANG_WARN_ENUM_CONVERSION</key>
				<string>YES</string>
				<key>CLANG_WARN_INT_CONVERSION</key>
				<string>YES</string>
				<key>CLANG_WARN__DUPLICATE_METHOD_MATCH</key>
				<string>YES</string>
				<key>CODE_SIGN_IDENTITY[sdk=iphoneos*]</key>
				<string>iPhone Developer</string>
				<key>COPY_PHASE_STRIP</key>
				<string>NO</string>
				<key>GCC_C_LANGUAGE_STANDARD</key>
				<string>gnu99</string>
				<key>GCC_DYNAMIC_NO_PIC</key>
				<string>NO</string>
				<key>GCC_OPTIMIZATION_LEVEL</key>
				<string>0</string>
				<key>GCC_PREPROCESSOR_DEFINITIONS</key>
				<array>
					<string>DEBUG=1</string>
					<string>$(inherited)</string>
				</array>
				<key>GCC_SYMBOLS_PRIVATE_EXTERN</key>
				<string>NO</string>
				<key>GCC_WARN_ABOUT_RETURN_TYPE</key>
				<string>YES</string>
				<key>GCC_WARN_UNINITIALIZED_AUTOS</key>
				<string>YES</string>
				<key>GCC_WARN_UNUSED_VARIABLE</key>
				<string>YES</string>
				<key>IPHONEOS_DEPLOYMENT_TARGET</key>
				<string>6.1</string>
				<key>ONLY_ACTIVE_ARCH</key>
				<string>YES</string>
				<key>SDKROOT</key>
				<string>iphoneos</string>
			</dict>
			<key>isa</key>
			<string>XCBuildConfiguration</string>
			<key>name</key>
			<string>Debug</string>
		</dict>
		<key>7E9607A0179583E8004A35F9</key>
		<dict>
			<key>buildSettings</key>
			<dict>
				<key>ALWAYS_SEARCH_USER_PATHS</key>
				<string>NO</string>
				<key>CLANG_CXX_LANGUAGE_STANDARD</key>
				<string>gnu++0x</string>
				<key>CLANG_CXX_LIBRARY</key>
				<string>libc++</string>
				<key>CLANG_ENABLE_OBJC_ARC</key>
				<string>YES</string>
				<key>CLANG_WARN_CONSTANT_CONVERSION</key>
				<string>YES</string>
				<key>CLANG_WARN_EMPTY_BODY</key>
				<string>YES</string>
				<key>CLANG_WARN_ENUM_CONVERSION</key>
				<string>YES</string>
				<key>CLANG_WARN_INT_CONVERSION</key>
				<string>YES</string>
				<key>CLANG_WARN__DUPLICATE_METHOD_MATCH</key>
				<string>YES</string>
				<key>CODE_SIGN_IDENTITY[sdk=iphoneos*]</key>
				<string>iPhone Developer</string>
				<key>COPY_PHASE_STRIP</key>
				<string>YES</string>
				<key>GCC_C_LANGUAGE_STANDARD</key>
				<string>gnu99</string>
				<key>GCC_WARN_ABOUT_RETURN_TYPE</key>
				<string>YES</string>
				<key>GCC_WARN_UNINITIALIZED_AUTOS</key>
				<string>YES</string>
				<key>GCC_WARN_UNUSED_VARIABLE</key>
				<string>YES</string>
				<key>IPHONEOS_DEPLOYMENT_TARGET</key>
				<string>6.1</string>
				<key>OTHER_CFLAGS</key>
				<string>-DNS_BLOCK_ASSERTIONS=1</string>
				<key>SDKROOT</key>
				<string>iphoneos</string>
				<key>VALIDATE_PRODUCT</key>
				<string>YES</string>
			</dict>
			<key>isa</key>
			<string>XCBuildConfiguration</string>
			<key>name</key>
			<string>Release</string>
		</dict>
		<key>7E9607A1179583E8004A35F9</key>
		<dict>
			<key>buildConfigurations</key>
			<array>
				<string>7E9607A2179583E8004A35F9</string>
				<string>7E9607A3179583E8004A35F9</string>
			</array>
			<key>defaultConfigurationIsVisible</key>
			<string>0</string>
			<key>isa</key>
			<string>XCConfigurationList</string>
		</dict>
		<key>7E9607A2179583E8004A35F9</key>
		<dict>
			<key>baseConfigurationReference</key>
			<string>8E61AA07F9D54B33A7E8058D</string>
			<key>buildSettings</key>
			<dict>
				<key>GCC_PRECOMPILE_PREFIX_HEADER</key>
				<string>YES</string>
				<key>GCC_PREFIX_HEADER</key>
				<string>Neuron/Neuron-Prefix.pch</string>
				<key>INFOPLIST_FILE</key>
				<string>Neuron/Neuron-Info.plist</string>
				<key>PRODUCT_NAME</key>
				<string>$(TARGET_NAME)</string>
				<key>WRAPPER_EXTENSION</key>
				<string>app</string>
			</dict>
			<key>isa</key>
			<string>XCBuildConfiguration</string>
			<key>name</key>
			<string>Debug</string>
		</dict>
		<key>7E9607A3179583E8004A35F9</key>
		<dict>
			<key>baseConfigurationReference</key>
			<string>8E61AA07F9D54B33A7E8058D</string>
			<key>buildSettings</key>
			<dict>
				<key>GCC_PRECOMPILE_PREFIX_HEADER</key>
				<string>YES</string>
				<key>GCC_PREFIX_HEADER</key>
				<string>Neuron/Neuron-Prefix.pch</string>
				<key>INFOPLIST_FILE</key>
				<string>Neuron/Neuron-Info.plist</string>
				<key>PRODUCT_NAME</key>
				<string>$(TARGET_NAME)</string>
				<key>WRAPPER_EXTENSION</key>
				<string>app</string>
			</dict>
			<key>isa</key>
			<string>XCBuildConfiguration</string>
			<key>name</key>
			<string>Release</string>
		</dict>
		<key>7E9607A4179583E8004A35F9</key>
		<dict>
			<key>buildConfigurations</key>
			<array>
				<string>7E9607A5179583E8004A35F9</string>
				<string>7E9607A6179583E8004A35F9</string>
			</array>
			<key>defaultConfigurationIsVisible</key>
			<string>0</string>
			<key>isa</key>
			<string>XCConfigurationList</string>
		</dict>
		<key>7E9607A5179583E8004A35F9</key>
		<dict>
			<key>buildSettings</key>
			<dict>
				<key>BUNDLE_LOADER</key>
				<string>$(BUILT_PRODUCTS_DIR)/Neuron.app/Neuron</string>
				<key>FRAMEWORK_SEARCH_PATHS</key>
				<array>
					<string>"$(SDKROOT)/Developer/Library/Frameworks"</string>
					<string>"$(DEVELOPER_LIBRARY_DIR)/Frameworks"</string>
				</array>
				<key>GCC_PRECOMPILE_PREFIX_HEADER</key>
				<string>YES</string>
				<key>GCC_PREFIX_HEADER</key>
				<string>Neuron/Neuron-Prefix.pch</string>
				<key>INFOPLIST_FILE</key>
				<string>NeuronTests/NeuronTests-Info.plist</string>
				<key>PRODUCT_NAME</key>
				<string>$(TARGET_NAME)</string>
				<key>TEST_HOST</key>
				<string>$(BUNDLE_LOADER)</string>
				<key>WRAPPER_EXTENSION</key>
				<string>octest</string>
			</dict>
			<key>isa</key>
			<string>XCBuildConfiguration</string>
			<key>name</key>
			<string>Debug</string>
		</dict>
		<key>7E9607A6179583E8004A35F9</key>
		<dict>
			<key>buildSettings</key>
			<dict>
				<key>BUNDLE_LOADER</key>
				<string>$(BUILT_PRODUCTS_DIR)/Neuron.app/Neuron</string>
				<key>FRAMEWORK_SEARCH_PATHS</key>
				<array>
					<string>"$(SDKROOT)/Developer/Library/Frameworks"</string>
					<string>"$(DEVELOPER_LIBRARY_DIR)/Frameworks"</string>
				</array>
				<key>GCC_PRECOMPILE_PREFIX_HEADER</key>
				<string>YES</string>
				<key>GCC_PREFIX_HEADER</key>
				<string>Neuron/Neuron-Prefix.pch</string>
				<key>INFOPLIST_FILE</key>
				<string>NeuronTests/NeuronTests-Info.plist</string>
				<key>PRODUCT_NAME</key>
				<string>$(TARGET_NAME)</string>
				<key>TEST_HOST</key>
				<string>$(BUNDLE_LOADER)</string>
				<key>WRAPPER_EXTENSION</key>
				<string>octest</string>
			</dict>
			<key>isa</key>
			<string>XCBuildConfiguration</string>
			<key>name</key>
			<string>Release</string>
		</dict>
		<key>8E61AA07F9D54B33A7E8058D</key>
		<dict>
			<key>includeInIndex</key>
			<string>1</string>
			<key>isa</key>
			<string>PBXFileReference</string>
			<key>lastKnownFileType</key>
			<string>text.xcconfig</string>
			<key>name</key>
			<string>Pods.xcconfig</string>
			<key>path</key>
			<string>Pods/Pods.xcconfig</string>
			<key>sourceTree</key>
			<string>SOURCE_ROOT</string>
		</dict>
		<key>A8BA59E1502245B1BE49E4ED</key>
		<dict>
			<key>buildActionMask</key>
			<string>2147483647</string>
			<key>files</key>
			<array/>
			<key>inputPaths</key>
			<array/>
			<key>isa</key>
			<string>PBXShellScriptBuildPhase</string>
			<key>name</key>
			<string>Check Pods Manifest.lock</string>
			<key>outputPaths</key>
			<array/>
			<key>runOnlyForDeploymentPostprocessing</key>
			<string>0</string>
			<key>shellPath</key>
			<string>/bin/sh</string>
			<key>shellScript</key>
			<string>diff "${PODS_ROOT}/../Podfile.lock" "${PODS_ROOT}/Manifest.lock" &gt; /dev/null
if [[ $? != 0 ]] ; then
    cat &lt;&lt; EOM
error: The sandbox is not in sync with the Podfile.lock. Run 'pod install' or update your CocoaPods installation.
EOM
    exit 1
fi
</string>
			<key>showEnvVarsInLog</key>
			<string>0</string>
		</dict>
		<key>F926918DF45448DBAF4BE258</key>
		<dict>
			<key>fileRef</key>
			<string>39A747297F6749F7B1FC3D33</string>
			<key>isa</key>
			<string>PBXBuildFile</string>
		</dict>
	</dict>
	<key>rootObject</key>
	<string>7E960761179583E7004A35F9</string>
</dict>
</plist>
